{
  "projects": [
    {
      "projectId": "5eZxHo5mwvsHRy3bMHe9eQ",
      "version": "latest",
      "dependencies": {},
      "lang": "js",
      "fileLocks": [
        {
          "type": "globalVariant",
          "assetId": "PAteK3u5YOsj",
          "checksum": "99e4bb81af5594f352e7bba2237ef042"
        },
        {
          "assetId": "5eZxHo5mwvsHRy3bMHe9eQ",
          "type": "projectCss",
          "checksum": "0912ad75ed86803529344c981e222bd7"
        },
        {
          "type": "renderModule",
          "assetId": "DfO5c0r_8AjP",
          "checksum": "64a48fd2141523212ac14de143cbcb43"
        },
        {
          "type": "cssRules",
          "assetId": "DfO5c0r_8AjP",
          "checksum": "64a48fd2141523212ac14de143cbcb43"
        },
        {
          "type": "icon",
          "assetId": "3slTmvq8R9Gc",
          "checksum": "b10c32369b2dee1984fa443ffe2bd633"
        },
        {
          "type": "icon",
          "assetId": "nP5gJLWyiZXQ",
          "checksum": "bd287291d8203a0bf63e1c8a918ea8c7"
        },
        {
          "type": "icon",
          "assetId": "YgTnhJlyIUxA",
          "checksum": "5cc685ff6ed7e35e7a2f60bdfd97ca6f"
        },
        {
          "type": "icon",
          "assetId": "3XQD2Mgu2AHF",
          "checksum": "0ac839145b410efd40c90fd16a0e72ca"
        },
        {
          "type": "image",
          "assetId": "X9sqWM5pXdWb",
          "checksum": "e5dba3d6f98f606f506090cba1a90f8c"
        },
        {
          "type": "image",
          "assetId": "xT2V913oaKh4",
          "checksum": "2083e7937c42298ad9dd649922d1a7cc"
        },
        {
          "type": "image",
          "assetId": "SNlzjE_XpFG4",
          "checksum": "575d59c511615235230587d644d6c9bc"
        },
        {
          "type": "image",
          "assetId": "GRnskvnj3mQz",
          "checksum": "3c1646807d5728e1a4c5e2d9ed81e669"
        },
        {
          "type": "image",
          "assetId": "u5l9NvNavGHH",
          "checksum": "df40ab6b94176b3e81d8a59a4138076e"
        },
        {
          "type": "image",
          "assetId": "eqjdOQSDRc82",
          "checksum": "e1a553eac34c8791aa6a3205e9550ac9"
        },
        {
          "type": "image",
          "assetId": "iXTnZb4V2Y5F",
          "checksum": "2c39317033d48daf5bc5af1965e61c78"
        },
        {
          "type": "image",
          "assetId": "NKusYJU_sa2V",
          "checksum": "ee7677ca4387ac3b1435b8b98b67671d"
        }
      ],
      "codegenVersion": "0.0.1"
    },
    {
      "projectId": "58GpZjZCWTaJ8AUhpCwt2K",
      "version": "3.28.0",
      "dependencies": {},
      "lang": "js",
      "fileLocks": [
        {
          "assetId": "58GpZjZCWTaJ8AUhpCwt2K",
          "type": "projectCss",
          "checksum": "f0469e206244772473ab64f50be898f9"
        }
      ],
      "codegenVersion": "0.0.1"
    },
    {
      "projectId": "4m86kbD6AUvWoLg9z6nLoy",
      "version": "latest",
      "dependencies": {
        "58GpZjZCWTaJ8AUhpCwt2K": "3.28.0"
      },
      "lang": "js",
      "fileLocks": [
        {
          "type": "globalVariant",
          "assetId": "tfO9_35Uykkh",
          "checksum": "0fc9ad3fcb73cbb9318bbaa6be02910b"
        },
        {
          "assetId": "4m86kbD6AUvWoLg9z6nLoy",
          "type": "projectCss",
          "checksum": "08dfd366f10bb1caa0985ddfb219cea7"
        },
        {
          "type": "renderModule",
          "assetId": "Q7jAPYREB4RO",
          "checksum": "ae9a109273291a778a22cfb142b4f9e4"
        },
        {
          "type": "cssRules",
          "assetId": "Q7jAPYREB4RO",
          "checksum": "ae9a109273291a778a22cfb142b4f9e4"
        },
        {
          "type": "icon",
          "assetId": "DjcSpmhrNKUI",
          "checksum": "d7e2872dfa9b23f379ff11a002d1ec86"
        },
        {
          "type": "icon",
          "assetId": "R-BheK2w4l8e",
          "checksum": "246e757b10be586701d442be166fbb36"
        },
        {
          "type": "icon",
          "assetId": "goSwcDgJaJ9N",
          "checksum": "7c458de43867facc68e8474a077f21bb"
        },
        {
          "type": "icon",
          "assetId": "W4dmJDFoDr9L",
          "checksum": "f5742743499509dd1c9f7a5ea00acad0"
        }
      ],
      "codegenVersion": "0.0.1"
    },
    {
      "projectId": "szjgMQpPpxhmkjnaBvZQJG",
      "version": "2.28.0",
      "dependencies": {},
      "lang": "js",
      "fileLocks": [
        {
          "assetId": "szjgMQpPpxhmkjnaBvZQJG",
          "type": "projectCss",
          "checksum": "72ff85f8dbd01d559ad13ce12accad86"
        }
      ],
      "codegenVersion": "0.0.1"
    },
    {
      "projectId": "2qop57tczCjwano5EQTspw",
      "version": "latest",
      "dependencies": {
        "szjgMQpPpxhmkjnaBvZQJG": "2.28.0",
        "58GpZjZCWTaJ8AUhpCwt2K": "3.28.0"
      },
      "lang": "js",
      "fileLocks": [
        {
          "type": "globalVariant",
          "assetId": "mK_Vum504_yP",
          "checksum": "72380d40a8e8b26458744b26a4c4e76c"
        },
        {
          "assetId": "2qop57tczCjwano5EQTspw",
          "type": "projectCss",
          "checksum": "77a76f4657c3bc16194dd29a533a0b5d"
        },
        {
          "type": "renderModule",
          "assetId": "RchVCpF2MQ-2",
          "checksum": "2610d272f8e407d2345086f36e1dc73f"
        },
        {
          "type": "cssRules",
          "assetId": "RchVCpF2MQ-2",
          "checksum": "2610d272f8e407d2345086f36e1dc73f"
        },
        {
          "type": "icon",
          "assetId": "hKuBNSDZEBWf",
          "checksum": "e0b98b95cb36838106ec175d23788c8e"
        },
        {
          "type": "icon",
          "assetId": "XxAWzZPT56bc",
          "checksum": "20e27b5f16038efa7d6638264d5f2b28"
        },
        {
          "type": "icon",
          "assetId": "2BsHTInOMQ1X",
          "checksum": "2181bac1d5ad9942f6eb24056ea3960a"
        },
        {
          "type": "icon",
          "assetId": "-g0xV_d53yER",
          "checksum": "709645a379560796e7a61d55a9a3a7cc"
        },
        {
          "type": "image",
          "assetId": "vMv59BARnzOX",
          "checksum": "aadf3df017da9ac232034dd5ef3e73e3"
        },
        {
          "type": "image",
          "assetId": "3Z0cpfxM0gNB",
          "checksum": "ffc13cb39be98633cf73acae546abd4e"
        },
        {
          "type": "image",
          "assetId": "3ay4H87ydB1K",
          "checksum": "26521ba3181a15378d9cc6742f7cda30"
        },
        {
          "type": "image",
          "assetId": "LqHw8FG7EUNj",
          "checksum": "4dec374d610e016b851641c7d600bb71"
        },
        {
          "type": "image",
          "assetId": "ZA1Q3O3qp23y",
          "checksum": "f2285d357c966771e9131535ac55be6d"
        },
        {
          "type": "image",
          "assetId": "iT9qSNhpZLD3",
          "checksum": "8dbf8b1b4b7415253b754dfc284075e6"
        },
        {
          "type": "image",
          "assetId": "uJ-BQ36fcekY",
          "checksum": "49483b5ab08e0ada8801d5bce3800c45"
        },
        {
          "type": "image",
          "assetId": "DKb0_kXzNsmS",
          "checksum": "f170ae123f6a36bcd218f6a5d98c864b"
        },
        {
          "type": "image",
          "assetId": "pWW9DrbUUl9b",
          "checksum": "0ff9dd7483d4cfab127d808d32e0c7b3"
        },
        {
          "type": "image",
          "assetId": "jDqaKXls77B0",
          "checksum": "0d21bdf6e4fd50270e6e2e1e0776afba"
        },
        {
          "type": "image",
          "assetId": "f1n3bX6n-Fd2",
          "checksum": "0eb2a70719bc540090201e17e7fa8043"
        },
        {
          "type": "image",
          "assetId": "TPrEtrp9b9I6",
          "checksum": "8a1a262285c04634fe75b1c1a79bbdbf"
        },
        {
          "type": "image",
          "assetId": "_FV2jcfWl_bz",
          "checksum": "90944d3252825bda141ba1985a722174"
        }
      ],
      "codegenVersion": "0.0.1"
    }
  ],
  "cliVersion": "0.1.337"
}
